
Microsoft Visual Studio Solution File, Format Version 12.00
# Visual Studio Version 17
VisualStudioVersion = 17.0.31903.59
MinimumVisualStudioVersion = 10.0.40219.1
Project("{FAE04EC0-301F-11D3-BF4B-00C04F79EFBC}") = "W02", "W02\W02.csproj", "{90B9ED42-6CBD-481D-AE75-EC4296730119}"
EndProject
Project("{2150E333-8FDC-42A3-9474-1A3956D46DE8}") = "W01", "W01", "{C5BE7E44-0582-8A87-9DFA-6A83BC7A4178}"
EndProject
Project("{2150E333-8FDC-42A3-9474-1A3956D46DE8}") = "Exercise1-ConsoleStuff", "Exercise1-ConsoleStuff", "{6F4AC9AB-E278-F494-49B7-1B7EAB3D8BB7}"
EndProject
Project("{FAE04EC0-301F-11D3-BF4B-00C04F79EFBC}") = "exercise1", "W01\Exercise1-ConsoleStuff\exercise1\exercise1.csproj", "{E9EE7EFB-2D52-47DA-8056-E292CA5FFBC7}"
EndProject
Project("{FAE04EC0-301F-11D3-BF4B-00C04F79EFBC}") = "Exercise3", "W01\Exercise3\Exercise3.csproj", "{07CC352C-D1C2-4494-960C-597BDD92A880}"
EndProject
Project("{FAE04EC0-301F-11D3-BF4B-00C04F79EFBC}") = "Exercise4", "W01\Exercise4\Exercise4.csproj", "{054EE1FA-17C4-4040-8949-4562BCB998DC}"
EndProject
Project("{FAE04EC0-301F-11D3-BF4B-00C04F79EFBC}") = "Exercise5", "W01\Exercise5\Exercise5.csproj", "{81D63772-ECEF-45AB-A3BC-1C38A775DA43}"
EndProject
Project("{FAE04EC0-301F-11D3-BF4B-00C04F79EFBC}") = "exercise2", "W01\exercise2\exercise2.csproj", "{96C3B140-1D34-46AF-932E-EDDAFAEA27A5}"
EndProject
Project("{2150E333-8FDC-42A3-9474-1A3956D46DE8}") = "week03", "week03", "{EC9A9E50-F609-29D8-E2CC-8326F1A55E73}"
EndProject
Project("{FAE04EC0-301F-11D3-BF4B-00C04F79EFBC}") = "Fractions", "week03\Fractions\Fractions.csproj", "{16E6FA49-7F55-46AF-B921-DFF27FA36876}"
EndProject
Global
	GlobalSection(SolutionConfigurationPlatforms) = preSolution
		Debug|Any CPU = Debug|Any CPU
		Debug|x64 = Debug|x64
		Debug|x86 = Debug|x86
		Release|Any CPU = Release|Any CPU
		Release|x64 = Release|x64
		Release|x86 = Release|x86
	EndGlobalSection
	GlobalSection(ProjectConfigurationPlatforms) = postSolution
		{90B9ED42-6CBD-481D-AE75-EC4296730119}.Debug|Any CPU.ActiveCfg = Debug|Any CPU
		{90B9ED42-6CBD-481D-AE75-EC4296730119}.Debug|Any CPU.Build.0 = Debug|Any CPU
		{90B9ED42-6CBD-481D-AE75-EC4296730119}.Debug|x64.ActiveCfg = Debug|Any CPU
		{90B9ED42-6CBD-481D-AE75-EC4296730119}.Debug|x64.Build.0 = Debug|Any CPU
		{90B9ED42-6CBD-481D-AE75-EC4296730119}.Debug|x86.ActiveCfg = Debug|Any CPU
		{90B9ED42-6CBD-481D-AE75-EC4296730119}.Debug|x86.Build.0 = Debug|Any CPU
		{90B9ED42-6CBD-481D-AE75-EC4296730119}.Release|Any CPU.ActiveCfg = Release|Any CPU
		{90B9ED42-6CBD-481D-AE75-EC4296730119}.Release|Any CPU.Build.0 = Release|Any CPU
		{90B9ED42-6CBD-481D-AE75-EC4296730119}.Release|x64.ActiveCfg = Release|Any CPU
		{90B9ED42-6CBD-481D-AE75-EC4296730119}.Release|x64.Build.0 = Release|Any CPU
		{90B9ED42-6CBD-481D-AE75-EC4296730119}.Release|x86.ActiveCfg = Release|Any CPU
		{90B9ED42-6CBD-481D-AE75-EC4296730119}.Release|x86.Build.0 = Release|Any CPU
		{E9EE7EFB-2D52-47DA-8056-E292CA5FFBC7}.Debug|Any CPU.ActiveCfg = Debug|Any CPU
		{E9EE7EFB-2D52-47DA-8056-E292CA5FFBC7}.Debug|Any CPU.Build.0 = Debug|Any CPU
		{E9EE7EFB-2D52-47DA-8056-E292CA5FFBC7}.Debug|x64.ActiveCfg = Debug|Any CPU
		{E9EE7EFB-2D52-47DA-8056-E292CA5FFBC7}.Debug|x64.Build.0 = Debug|Any CPU
		{E9EE7EFB-2D52-47DA-8056-E292CA5FFBC7}.Debug|x86.ActiveCfg = Debug|Any CPU
		{E9EE7EFB-2D52-47DA-8056-E292CA5FFBC7}.Debug|x86.Build.0 = Debug|Any CPU
		{E9EE7EFB-2D52-47DA-8056-E292CA5FFBC7}.Release|Any CPU.ActiveCfg = Release|Any CPU
		{E9EE7EFB-2D52-47DA-8056-E292CA5FFBC7}.Release|Any CPU.Build.0 = Release|Any CPU
		{E9EE7EFB-2D52-47DA-8056-E292CA5FFBC7}.Release|x64.ActiveCfg = Release|Any CPU
		{E9EE7EFB-2D52-47DA-8056-E292CA5FFBC7}.Release|x64.Build.0 = Release|Any CPU
		{E9EE7EFB-2D52-47DA-8056-E292CA5FFBC7}.Release|x86.ActiveCfg = Release|Any CPU
		{E9EE7EFB-2D52-47DA-8056-E292CA5FFBC7}.Release|x86.Build.0 = Release|Any CPU
		{07CC352C-D1C2-4494-960C-597BDD92A880}.Debug|Any CPU.ActiveCfg = Debug|Any CPU
		{07CC352C-D1C2-4494-960C-597BDD92A880}.Debug|Any CPU.Build.0 = Debug|Any CPU
		{07CC352C-D1C2-4494-960C-597BDD92A880}.Debug|x64.ActiveCfg = Debug|Any CPU
		{07CC352C-D1C2-4494-960C-597BDD92A880}.Debug|x64.Build.0 = Debug|Any CPU
		{07CC352C-D1C2-4494-960C-597BDD92A880}.Debug|x86.ActiveCfg = Debug|Any CPU
		{07CC352C-D1C2-4494-960C-597BDD92A880}.Debug|x86.Build.0 = Debug|Any CPU
		{07CC352C-D1C2-4494-960C-597BDD92A880}.Release|Any CPU.ActiveCfg = Release|Any CPU
		{07CC352C-D1C2-4494-960C-597BDD92A880}.Release|Any CPU.Build.0 = Release|Any CPU
		{07CC352C-D1C2-4494-960C-597BDD92A880}.Release|x64.ActiveCfg = Release|Any CPU
		{07CC352C-D1C2-4494-960C-597BDD92A880}.Release|x64.Build.0 = Release|Any CPU
		{07CC352C-D1C2-4494-960C-597BDD92A880}.Release|x86.ActiveCfg = Release|Any CPU
		{07CC352C-D1C2-4494-960C-597BDD92A880}.Release|x86.Build.0 = Release|Any CPU
		{054EE1FA-17C4-4040-8949-4562BCB998DC}.Debug|Any CPU.ActiveCfg = Debug|Any CPU
		{054EE1FA-17C4-4040-8949-4562BCB998DC}.Debug|Any CPU.Build.0 = Debug|Any CPU
		{054EE1FA-17C4-4040-8949-4562BCB998DC}.Debug|x64.ActiveCfg = Debug|Any CPU
		{054EE1FA-17C4-4040-8949-4562BCB998DC}.Debug|x64.Build.0 = Debug|Any CPU
		{054EE1FA-17C4-4040-8949-4562BCB998DC}.Debug|x86.ActiveCfg = Debug|Any CPU
		{054EE1FA-17C4-4040-8949-4562BCB998DC}.Debug|x86.Build.0 = Debug|Any CPU
		{054EE1FA-17C4-4040-8949-4562BCB998DC}.Release|Any CPU.ActiveCfg = Release|Any CPU
		{054EE1FA-17C4-4040-8949-4562BCB998DC}.Release|Any CPU.Build.0 = Release|Any CPU
		{054EE1FA-17C4-4040-8949-4562BCB998DC}.Release|x64.ActiveCfg = Release|Any CPU
		{054EE1FA-17C4-4040-8949-4562BCB998DC}.Release|x64.Build.0 = Release|Any CPU
		{054EE1FA-17C4-4040-8949-4562BCB998DC}.Release|x86.ActiveCfg = Release|Any CPU
		{054EE1FA-17C4-4040-8949-4562BCB998DC}.Release|x86.Build.0 = Release|Any CPU
		{81D63772-ECEF-45AB-A3BC-1C38A775DA43}.Debug|Any CPU.ActiveCfg = Debug|Any CPU
		{81D63772-ECEF-45AB-A3BC-1C38A775DA43}.Debug|Any CPU.Build.0 = Debug|Any CPU
		{81D63772-ECEF-45AB-A3BC-1C38A775DA43}.Debug|x64.ActiveCfg = Debug|Any CPU
		{81D63772-ECEF-45AB-A3BC-1C38A775DA43}.Debug|x64.Build.0 = Debug|Any CPU
		{81D63772-ECEF-45AB-A3BC-1C38A775DA43}.Debug|x86.ActiveCfg = Debug|Any CPU
		{81D63772-ECEF-45AB-A3BC-1C38A775DA43}.Debug|x86.Build.0 = Debug|Any CPU
		{81D63772-ECEF-45AB-A3BC-1C38A775DA43}.Release|Any CPU.ActiveCfg = Release|Any CPU
		{81D63772-ECEF-45AB-A3BC-1C38A775DA43}.Release|Any CPU.Build.0 = Release|Any CPU
		{81D63772-ECEF-45AB-A3BC-1C38A775DA43}.Release|x64.ActiveCfg = Release|Any CPU
		{81D63772-ECEF-45AB-A3BC-1C38A775DA43}.Release|x64.Build.0 = Release|Any CPU
		{81D63772-ECEF-45AB-A3BC-1C38A775DA43}.Release|x86.ActiveCfg = Release|Any CPU
		{81D63772-ECEF-45AB-A3BC-1C38A775DA43}.Release|x86.Build.0 = Release|Any CPU
		{96C3B140-1D34-46AF-932E-EDDAFAEA27A5}.Debug|Any CPU.ActiveCfg = Debug|Any CPU
		{96C3B140-1D34-46AF-932E-EDDAFAEA27A5}.Debug|Any CPU.Build.0 = Debug|Any CPU
		{96C3B140-1D34-46AF-932E-EDDAFAEA27A5}.Debug|x64.ActiveCfg = Debug|Any CPU
		{96C3B140-1D34-46AF-932E-EDDAFAEA27A5}.Debug|x64.Build.0 = Debug|Any CPU
		{96C3B140-1D34-46AF-932E-EDDAFAEA27A5}.Debug|x86.ActiveCfg = Debug|Any CPU
		{96C3B140-1D34-46AF-932E-EDDAFAEA27A5}.Debug|x86.Build.0 = Debug|Any CPU
		{96C3B140-1D34-46AF-932E-EDDAFAEA27A5}.Release|Any CPU.ActiveCfg = Release|Any CPU
		{96C3B140-1D34-46AF-932E-EDDAFAEA27A5}.Release|Any CPU.Build.0 = Release|Any CPU
		{96C3B140-1D34-46AF-932E-EDDAFAEA27A5}.Release|x64.ActiveCfg = Release|Any CPU
		{96C3B140-1D34-46AF-932E-EDDAFAEA27A5}.Release|x64.Build.0 = Release|Any CPU
		{96C3B140-1D34-46AF-932E-EDDAFAEA27A5}.Release|x86.ActiveCfg = Release|Any CPU
		{96C3B140-1D34-46AF-932E-EDDAFAEA27A5}.Release|x86.Build.0 = Release|Any CPU
		{16E6FA49-7F55-46AF-B921-DFF27FA36876}.Debug|Any CPU.ActiveCfg = Debug|Any CPU
		{16E6FA49-7F55-46AF-B921-DFF27FA36876}.Debug|Any CPU.Build.0 = Debug|Any CPU
		{16E6FA49-7F55-46AF-B921-DFF27FA36876}.Debug|x64.ActiveCfg = Debug|Any CPU
		{16E6FA49-7F55-46AF-B921-DFF27FA36876}.Debug|x64.Build.0 = Debug|Any CPU
		{16E6FA49-7F55-46AF-B921-DFF27FA36876}.Debug|x86.ActiveCfg = Debug|Any CPU
		{16E6FA49-7F55-46AF-B921-DFF27FA36876}.Debug|x86.Build.0 = Debug|Any CPU
		{16E6FA49-7F55-46AF-B921-DFF27FA36876}.Release|Any CPU.ActiveCfg = Release|Any CPU
		{16E6FA49-7F55-46AF-B921-DFF27FA36876}.Release|Any CPU.Build.0 = Release|Any CPU
		{16E6FA49-7F55-46AF-B921-DFF27FA36876}.Release|x64.ActiveCfg = Release|Any CPU
		{16E6FA49-7F55-46AF-B921-DFF27FA36876}.Release|x64.Build.0 = Release|Any CPU
		{16E6FA49-7F55-46AF-B921-DFF27FA36876}.Release|x86.ActiveCfg = Release|Any CPU
		{16E6FA49-7F55-46AF-B921-DFF27FA36876}.Release|x86.Build.0 = Release|Any CPU
	EndGlobalSection
	GlobalSection(SolutionProperties) = preSolution
		HideSolutionNode = FALSE
	EndGlobalSection
	GlobalSection(NestedProjects) = preSolution
		{6F4AC9AB-E278-F494-49B7-1B7EAB3D8BB7} = {C5BE7E44-0582-8A87-9DFA-6A83BC7A4178}
		{E9EE7EFB-2D52-47DA-8056-E292CA5FFBC7} = {6F4AC9AB-E278-F494-49B7-1B7EAB3D8BB7}
		{07CC352C-D1C2-4494-960C-597BDD92A880} = {C5BE7E44-0582-8A87-9DFA-6A83BC7A4178}
		{054EE1FA-17C4-4040-8949-4562BCB998DC} = {C5BE7E44-0582-8A87-9DFA-6A83BC7A4178}
		{81D63772-ECEF-45AB-A3BC-1C38A775DA43} = {C5BE7E44-0582-8A87-9DFA-6A83BC7A4178}
		{96C3B140-1D34-46AF-932E-EDDAFAEA27A5} = {C5BE7E44-0582-8A87-9DFA-6A83BC7A4178}
		{16E6FA49-7F55-46AF-B921-DFF27FA36876} = {EC9A9E50-F609-29D8-E2CC-8326F1A55E73}
	EndGlobalSection
EndGlobal
